
Microsoft Visual Studio Solution File, Format Version 12.00
# Visual Studio Version 17
VisualStudioVersion = 17.9.34902.65
MinimumVisualStudioVersion = 10.0.40219.1
Project("{FAE04EC0-301F-11D3-BF4B-00C04F79EFBC}") = "MemoryGameAnimals", "MemoryGameAnimals.csproj", "{74B6D375-A534-4666-8A88-52A6DF7FCEDC}"
EndProject
Global
	GlobalSection(SolutionConfigurationPlatforms) = preSolution
		Debug|Any CPU = Debug|Any CPU
		Release|Any CPU = Release|Any CPU
	EndGlobalSection
	GlobalSection(ProjectConfigurationPlatforms) = postSolution
		{74B6D375-A534-4666-8A88-52A6DF7FCEDC}.Debug|Any CPU.ActiveCfg = Debug|Any CPU
		{74B6D375-A534-4666-8A88-52A6DF7FCEDC}.Debug|Any CPU.Build.0 = Debug|Any CPU
		{74B6D375-A534-4666-8A88-52A6DF7FCEDC}.Release|Any CPU.ActiveCfg = Release|Any CPU
		{74B6D375-A534-4666-8A88-52A6DF7FCEDC}.Release|Any CPU.Build.0 = Release|Any CPU
	EndGlobalSection
	GlobalSection(SolutionProperties) = preSolution
		HideSolutionNode = FALSE
	EndGlobalSection
	GlobalSection(ExtensibilityGlobals) = postSolution
		SolutionGuid = {FD4183B6-1447-46D1-AEFA-8B1AD174DC2A}
	EndGlobalSection
EndGlobal
